
Microsoft Visual Studio Solution File, Format Version 12.00
# Visual Studio Version 16
VisualStudioVersion = 16.0.29521.150
MinimumVisualStudioVersion = 10.0.40219.1
Project("{9A19103F-16F7-4668-BE54-9A1E7A4F7556}") = "BoardGame", "BoardGame\BoardGame.csproj", "{14E84E4C-0C72-4802-8DE9-EA6981F125E3}"
EndProject
Project("{FAE04EC0-301F-11D3-BF4B-00C04F79EFBC}") = "Graphics", "Graphics\Graphics.csproj", "{77E531CB-5BC3-408F-A7A4-798357C91444}"
EndProject
Global
	GlobalSection(SolutionConfigurationPlatforms) = preSolution
		Debug|Any CPU = Debug|Any CPU
		Release|Any CPU = Release|Any CPU
	EndGlobalSection
	GlobalSection(ProjectConfigurationPlatforms) = postSolution
		{14E84E4C-0C72-4802-8DE9-EA6981F125E3}.Debug|Any CPU.ActiveCfg = Debug|Any CPU
		{14E84E4C-0C72-4802-8DE9-EA6981F125E3}.Debug|Any CPU.Build.0 = Debug|Any CPU
		{14E84E4C-0C72-4802-8DE9-EA6981F125E3}.Release|Any CPU.ActiveCfg = Release|Any CPU
		{14E84E4C-0C72-4802-8DE9-EA6981F125E3}.Release|Any CPU.Build.0 = Release|Any CPU
		{77E531CB-5BC3-408F-A7A4-798357C91444}.Debug|Any CPU.ActiveCfg = Debug|Any CPU
		{77E531CB-5BC3-408F-A7A4-798357C91444}.Debug|Any CPU.Build.0 = Debug|Any CPU
		{77E531CB-5BC3-408F-A7A4-798357C91444}.Release|Any CPU.ActiveCfg = Release|Any CPU
		{77E531CB-5BC3-408F-A7A4-798357C91444}.Release|Any CPU.Build.0 = Release|Any CPU
	EndGlobalSection
	GlobalSection(SolutionProperties) = preSolution
		HideSolutionNode = FALSE
	EndGlobalSection
	GlobalSection(ExtensibilityGlobals) = postSolution
		SolutionGuid = {9950CFE8-F5EA-42F9-9440-3CC278919E0A}
	EndGlobalSection
EndGlobal
